<?xml version="1.0"?>
<Project ToolsVersion="4.0" xmlns="http://schemas.microsoft.com/developer/msbuild/2003">
	<ItemGroup>
		<ClCompile Include="src\ofApp.cpp">
			<Filter>src</Filter>
		</ClCompile>
		<ClCompile Include="src\main.cpp">
			<Filter>src</Filter>
		</ClCompile>
		<ClCompile Include="..\..\..\addons\ofxXmlBasedProjectSettings\src\ofxXmlBasedProjectSettings.cpp">
			<Filter>addons\ofxXmlBasedProjectSettings\src</Filter>
		</ClCompile>
	</ItemGroup>
	<ItemGroup>
		<Filter Include="src">
			<UniqueIdentifier>{d8376475-7454-4a24-b08a-aac121d3ad6f}</UniqueIdentifier>
		</Filter>
		<Filter Include="addons">
			<UniqueIdentifier>{71834F65-F3A9-211E-73B8-DC85}</UniqueIdentifier>
		</Filter>
		<Filter Include="addons\ofxXmlBasedProjectSettings">
			<UniqueIdentifier>{BAEB0639-D19B-CC7E-589D-72F3}</UniqueIdentifier>
		</Filter>
		<Filter Include="addons\ofxXmlBasedProjectSettings\src">
			<UniqueIdentifier>{D9EE14F5-56DC-801C-588A-35E4}</UniqueIdentifier>
		</Filter>
	</ItemGroup>
	<ItemGroup>
		<ClInclude Include="src\ofApp.h">
			<Filter>src</Filter>
		</ClInclude>
		<ClInclude Include="..\..\..\addons\ofxXmlBasedProjectSettings\src\ofxXmlBasedProjectSettings.h">
			<Filter>addons\ofxXmlBasedProjectSettings\src</Filter>
		</ClInclude>
	</ItemGroup>
	<ItemGroup>
		<ResourceCompile Include="icon.rc" />
	</ItemGroup>
</Project>
